
Microsoft Visual Studio Solution File, Format Version 12.00
# Visual Studio Version 16
VisualStudioVersion = 16.0.30523.141
MinimumVisualStudioVersion = 10.0.40219.1
Project("{FAE04EC0-301F-11D3-BF4B-00C04F79EFBC}") = "MyFirstService", "MyFirstService\MyFirstService.csproj", "{A83CAE5B-CE60-4A9E-8697-C071BDEB01EC}"
EndProject
Global
	GlobalSection(SolutionConfigurationPlatforms) = preSolution
		Debug|Any CPU = Debug|Any CPU
		Release|Any CPU = Release|Any CPU
	EndGlobalSection
	GlobalSection(ProjectConfigurationPlatforms) = postSolution
		{A83CAE5B-CE60-4A9E-8697-C071BDEB01EC}.Debug|Any CPU.ActiveCfg = Debug|Any CPU
		{A83CAE5B-CE60-4A9E-8697-C071BDEB01EC}.Debug|Any CPU.Build.0 = Debug|Any CPU
		{A83CAE5B-CE60-4A9E-8697-C071BDEB01EC}.Release|Any CPU.ActiveCfg = Release|Any CPU
		{A83CAE5B-CE60-4A9E-8697-C071BDEB01EC}.Release|Any CPU.Build.0 = Release|Any CPU
	EndGlobalSection
	GlobalSection(SolutionProperties) = preSolution
		HideSolutionNode = FALSE
	EndGlobalSection
	GlobalSection(ExtensibilityGlobals) = postSolution
		SolutionGuid = {56FC29FA-C7AD-47D6-BFD9-29B943B9BA88}
	EndGlobalSection
EndGlobal
